// !$*UTF8*$!
{
	archiveVersion = 1;
	classes = {
	};
	objectVersion = 56;
	objects = {

/* Begin PBXBuildFile section */
		638E94352939E1F30081CF02 /* ezukoAppApp.swift in Sources */ = {isa = PBXBuildFile; fileRef = 638E94342939E1F30081CF02 /* ezukoAppApp.swift */; };
		638E94372939E1F30081CF02 /* ContentView.swift in Sources */ = {isa = PBXBuildFile; fileRef = 638E94362939E1F30081CF02 /* ContentView.swift */; };
		638E94392939E1F50081CF02 /* Assets.xcassets in Resources */ = {isa = PBXBuildFile; fileRef = 638E94382939E1F50081CF02 /* Assets.xcassets */; };
		638E943C2939E1F50081CF02 /* Preview Assets.xcassets in Resources */ = {isa = PBXBuildFile; fileRef = 638E943B2939E1F50081CF02 /* Preview Assets.xcassets */; };
		7439DB51294AFC6200D5D18E /* VrScene.swift in Sources */ = {isa = PBXBuildFile; fileRef = 7439DB50294AFC6200D5D18E /* VrScene.swift */; };
		7439DB53294AFD5900D5D18E /* cameraView.swift in Sources */ = {isa = PBXBuildFile; fileRef = 7439DB52294AFD5900D5D18E /* cameraView.swift */; };
		7439DB55294B011B00D5D18E /* IMG_20221207_101138_00_324.jpg in Resources */ = {isa = PBXBuildFile; fileRef = 7439DB54294B011B00D5D18E /* IMG_20221207_101138_00_324.jpg */; };
		74607024293DCA8E008D3906 /* prologView.swift in Sources */ = {isa = PBXBuildFile; fileRef = 74607023293DCA8E008D3906 /* prologView.swift */; };
		74607026293DCB1F008D3906 /* titleView.swift in Sources */ = {isa = PBXBuildFile; fileRef = 74607025293DCB1F008D3906 /* titleView.swift */; };
		74607028293DCB32008D3906 /* mapView.swift in Sources */ = {isa = PBXBuildFile; fileRef = 74607027293DCB32008D3906 /* mapView.swift */; };
		7460702A293DCB47008D3906 /* fishAppearView.swift in Sources */ = {isa = PBXBuildFile; fileRef = 74607029293DCB47008D3906 /* fishAppearView.swift */; };
		7460702C293DCB5A008D3906 /* quizView.swift in Sources */ = {isa = PBXBuildFile; fileRef = 7460702B293DCB5A008D3906 /* quizView.swift */; };
		7460702E293DCB68008D3906 /* descriptionVideoView.swift in Sources */ = {isa = PBXBuildFile; fileRef = 7460702D293DCB68008D3906 /* descriptionVideoView.swift */; };
		74607030293DCB75008D3906 /* resultView.swift in Sources */ = {isa = PBXBuildFile; fileRef = 7460702F293DCB75008D3906 /* resultView.swift */; };
		74607032293DCB82008D3906 /* epilogueView.swift in Sources */ = {isa = PBXBuildFile; fileRef = 74607031293DCB82008D3906 /* epilogueView.swift */; };
		74607034293DCB96008D3906 /* fishPBView.swift in Sources */ = {isa = PBXBuildFile; fileRef = 74607033293DCB96008D3906 /* fishPBView.swift */; };
		74607036293DCBA5008D3906 /* videoPBView.swift in Sources */ = {isa = PBXBuildFile; fileRef = 74607035293DCBA5008D3906 /* videoPBView.swift */; };
		74607038293DCBB2008D3906 /* fishDetailView.swift in Sources */ = {isa = PBXBuildFile; fileRef = 74607037293DCBB2008D3906 /* fishDetailView.swift */; };
		7460703A293DCBBF008D3906 /* videoDitailView.swift in Sources */ = {isa = PBXBuildFile; fileRef = 74607039293DCBBF008D3906 /* videoDitailView.swift */; };
		7460704429440B72008D3906 /* IMG_9590.MOV in Resources */ = {isa = PBXBuildFile; fileRef = 7460704329440B72008D3906 /* IMG_9590.MOV */; };
/* End PBXBuildFile section */

/* Begin PBXFileReference section */
		638E94312939E1F30081CF02 /* ezukoApp.app */ = {isa = PBXFileReference; explicitFileType = wrapper.application; includeInIndex = 0; path = ezukoApp.app; sourceTree = BUILT_PRODUCTS_DIR; };
		638E94342939E1F30081CF02 /* ezukoAppApp.swift */ = {isa = PBXFileReference; lastKnownFileType = sourcecode.swift; path = ezukoAppApp.swift; sourceTree = "<group>"; };
		638E94362939E1F30081CF02 /* ContentView.swift */ = {isa = PBXFileReference; lastKnownFileType = sourcecode.swift; path = ContentView.swift; sourceTree = "<group>"; };
		638E94382939E1F50081CF02 /* Assets.xcassets */ = {isa = PBXFileReference; lastKnownFileType = folder.assetcatalog; path = Assets.xcassets; sourceTree = "<group>"; };
		638E943B2939E1F50081CF02 /* Preview Assets.xcassets */ = {isa = PBXFileReference; lastKnownFileType = folder.assetcatalog; path = "Preview Assets.xcassets"; sourceTree = "<group>"; };
		7439DB50294AFC6200D5D18E /* VrScene.swift */ = {isa = PBXFileReference; lastKnownFileType = sourcecode.swift; path = VrScene.swift; sourceTree = "<group>"; };
		7439DB52294AFD5900D5D18E /* cameraView.swift */ = {isa = PBXFileReference; lastKnownFileType = sourcecode.swift; path = cameraView.swift; sourceTree = "<group>"; };
		7439DB54294B011B00D5D18E /* IMG_20221207_101138_00_324.jpg */ = {isa = PBXFileReference; lastKnownFileType = image.jpeg; path = IMG_20221207_101138_00_324.jpg; sourceTree = "<group>"; };
		74607023293DCA8E008D3906 /* prologView.swift */ = {isa = PBXFileReference; lastKnownFileType = sourcecode.swift; path = prologView.swift; sourceTree = "<group>"; };
		74607025293DCB1F008D3906 /* titleView.swift */ = {isa = PBXFileReference; lastKnownFileType = sourcecode.swift; path = titleView.swift; sourceTree = "<group>"; };
		74607027293DCB32008D3906 /* mapView.swift */ = {isa = PBXFileReference; lastKnownFileType = sourcecode.swift; path = mapView.swift; sourceTree = "<group>"; };
		74607029293DCB47008D3906 /* fishAppearView.swift */ = {isa = PBXFileReference; lastKnownFileType = sourcecode.swift; path = fishAppearView.swift; sourceTree = "<group>"; };
		7460702B293DCB5A008D3906 /* quizView.swift */ = {isa = PBXFileReference; lastKnownFileType = sourcecode.swift; path = quizView.swift; sourceTree = "<group>"; };
		7460702D293DCB68008D3906 /* descriptionVideoView.swift */ = {isa = PBXFileReference; lastKnownFileType = sourcecode.swift; path = descriptionVideoView.swift; sourceTree = "<group>"; };
		7460702F293DCB75008D3906 /* resultView.swift */ = {isa = PBXFileReference; lastKnownFileType = sourcecode.swift; path = resultView.swift; sourceTree = "<group>"; };
		74607031293DCB82008D3906 /* epilogueView.swift */ = {isa = PBXFileReference; lastKnownFileType = sourcecode.swift; path = epilogueView.swift; sourceTree = "<group>"; };
		74607033293DCB96008D3906 /* fishPBView.swift */ = {isa = PBXFileReference; lastKnownFileType = sourcecode.swift; path = fishPBView.swift; sourceTree = "<group>"; };
		74607035293DCBA5008D3906 /* videoPBView.swift */ = {isa = PBXFileReference; lastKnownFileType = sourcecode.swift; path = videoPBView.swift; sourceTree = "<group>"; };
		74607037293DCBB2008D3906 /* fishDetailView.swift */ = {isa = PBXFileReference; lastKnownFileType = sourcecode.swift; path = fishDetailView.swift; sourceTree = "<group>"; };
		74607039293DCBBF008D3906 /* videoDitailView.swift */ = {isa = PBXFileReference; lastKnownFileType = sourcecode.swift; path = videoDitailView.swift; sourceTree = "<group>"; };
		7460704329440B72008D3906 /* IMG_9590.MOV */ = {isa = PBXFileReference; lastKnownFileType = video.quicktime; path = IMG_9590.MOV; sourceTree = "<group>"; };
/* End PBXFileReference section */

/* Begin PBXFrameworksBuildPhase section */
		638E942E2939E1F30081CF02 /* Frameworks */ = {
			isa = PBXFrameworksBuildPhase;
			buildActionMask = 2147483647;
			files = (
			);
			runOnlyForDeploymentPostprocessing = 0;
		};
/* End PBXFrameworksBuildPhase section */

/* Begin PBXGroup section */
		638E94282939E1F30081CF02 = {
			isa = PBXGroup;
			children = (
				7439DB54294B011B00D5D18E /* IMG_20221207_101138_00_324.jpg */,
				7460704329440B72008D3906 /* IMG_9590.MOV */,
				638E94332939E1F30081CF02 /* ezukoApp */,
				638E94322939E1F30081CF02 /* Products */,
			);
			sourceTree = "<group>";
		};
		638E94322939E1F30081CF02 /* Products */ = {
			isa = PBXGroup;
			children = (
				638E94312939E1F30081CF02 /* ezukoApp.app */,
			);
			name = Products;
			sourceTree = "<group>";
		};
		638E94332939E1F30081CF02 /* ezukoApp */ = {
			isa = PBXGroup;
			children = (
				638E94342939E1F30081CF02 /* ezukoAppApp.swift */,
				74607023293DCA8E008D3906 /* prologView.swift */,
				74607025293DCB1F008D3906 /* titleView.swift */,
				74607027293DCB32008D3906 /* mapView.swift */,
				7439DB50294AFC6200D5D18E /* VrScene.swift */,
				7439DB52294AFD5900D5D18E /* cameraView.swift */,
				74607029293DCB47008D3906 /* fishAppearView.swift */,
				7460702B293DCB5A008D3906 /* quizView.swift */,
				7460702D293DCB68008D3906 /* descriptionVideoView.swift */,
				7460702F293DCB75008D3906 /* resultView.swift */,
				74607031293DCB82008D3906 /* epilogueView.swift */,
				74607033293DCB96008D3906 /* fishPBView.swift */,
				74607035293DCBA5008D3906 /* videoPBView.swift */,
				74607037293DCBB2008D3906 /* fishDetailView.swift */,
				74607039293DCBBF008D3906 /* videoDitailView.swift */,
				638E94362939E1F30081CF02 /* ContentView.swift */,
				638E94382939E1F50081CF02 /* Assets.xcassets */,
				638E943A2939E1F50081CF02 /* Preview Content */,
			);
			path = ezukoApp;
			sourceTree = "<group>";
		};
		638E943A2939E1F50081CF02 /* Preview Content */ = {
			isa = PBXGroup;
			children = (
				638E943B2939E1F50081CF02 /* Preview Assets.xcassets */,
			);
			path = "Preview Content";
			sourceTree = "<group>";
		};
/* End PBXGroup section */

/* Begin PBXNativeTarget section */
		638E94302939E1F30081CF02 /* ezukoApp */ = {
			isa = PBXNativeTarget;
			buildConfigurationList = 638E943F2939E1F50081CF02 /* Build configuration list for PBXNativeTarget "ezukoApp" */;
			buildPhases = (
				638E942D2939E1F30081CF02 /* Sources */,
				638E942E2939E1F30081CF02 /* Frameworks */,
				638E942F2939E1F30081CF02 /* Resources */,
			);
			buildRules = (
			);
			dependencies = (
			);
			name = ezukoApp;
			productName = ezukoApp;
			productReference = 638E94312939E1F30081CF02 /* ezukoApp.app */;
			productType = "com.apple.product-type.application";
		};
/* End PBXNativeTarget section */

/* Begin PBXProject section */
		638E94292939E1F30081CF02 /* Project object */ = {
			isa = PBXProject;
			attributes = {
				BuildIndependentTargetsInParallel = 1;
				LastSwiftUpdateCheck = 1410;
				LastUpgradeCheck = 1410;
				TargetAttributes = {
					638E94302939E1F30081CF02 = {
						CreatedOnToolsVersion = 14.1;
					};
				};
			};
			buildConfigurationList = 638E942C2939E1F30081CF02 /* Build configuration list for PBXProject "ezukoApp" */;
			compatibilityVersion = "Xcode 14.0";
			developmentRegion = en;
			hasScannedForEncodings = 0;
			knownRegions = (
				en,
				Base,
			);
			mainGroup = 638E94282939E1F30081CF02;
			productRefGroup = 638E94322939E1F30081CF02 /* Products */;
			projectDirPath = "";
			projectRoot = "";
			targets = (
				638E94302939E1F30081CF02 /* ezukoApp */,
			);
		};
/* End PBXProject section */

/* Begin PBXResourcesBuildPhase section */
		638E942F2939E1F30081CF02 /* Resources */ = {
			isa = PBXResourcesBuildPhase;
			buildActionMask = 2147483647;
			files = (
				638E943C2939E1F50081CF02 /* Preview Assets.xcassets in Resources */,
				638E94392939E1F50081CF02 /* Assets.xcassets in Resources */,
				7460704429440B72008D3906 /* IMG_9590.MOV in Resources */,
				7439DB55294B011B00D5D18E /* IMG_20221207_101138_00_324.jpg in Resources */,
			);
			runOnlyForDeploymentPostprocessing = 0;
		};
/* End PBXResourcesBuildPhase section */

/* Begin PBXSourcesBuildPhase section */
		638E942D2939E1F30081CF02 /* Sources */ = {
			isa = PBXSourcesBuildPhase;
			buildActionMask = 2147483647;
			files = (
				638E94372939E1F30081CF02 /* ContentView.swift in Sources */,
				74607024293DCA8E008D3906 /* prologView.swift in Sources */,
				74607034293DCB96008D3906 /* fishPBView.swift in Sources */,
				638E94352939E1F30081CF02 /* ezukoAppApp.swift in Sources */,
				74607036293DCBA5008D3906 /* videoPBView.swift in Sources */,
				7460702E293DCB68008D3906 /* descriptionVideoView.swift in Sources */,
				7460702A293DCB47008D3906 /* fishAppearView.swift in Sources */,
				74607038293DCBB2008D3906 /* fishDetailView.swift in Sources */,
				74607028293DCB32008D3906 /* mapView.swift in Sources */,
				7439DB51294AFC6200D5D18E /* VrScene.swift in Sources */,
				74607030293DCB75008D3906 /* resultView.swift in Sources */,
				7460702C293DCB5A008D3906 /* quizView.swift in Sources */,
				7460703A293DCBBF008D3906 /* videoDitailView.swift in Sources */,
				74607032293DCB82008D3906 /* epilogueView.swift in Sources */,
				74607026293DCB1F008D3906 /* titleView.swift in Sources */,
				7439DB53294AFD5900D5D18E /* cameraView.swift in Sources */,
			);
			runOnlyForDeploymentPostprocessing = 0;
		};
/* End PBXSourcesBuildPhase section */

/* Begin XCBuildConfiguration section */
		638E943D2939E1F50081CF02 /* Debug */ = {
			isa = XCBuildConfiguration;
			buildSettings = {
				ALWAYS_SEARCH_USER_PATHS = NO;
				CLANG_ANALYZER_NONNULL = YES;
				CLANG_ANALYZER_NUMBER_OBJECT_CONVERSION = YES_AGGRESSIVE;
				CLANG_CXX_LANGUAGE_STANDARD = "gnu++20";
				CLANG_ENABLE_MODULES = YES;
				CLANG_ENABLE_OBJC_ARC = YES;
				CLANG_ENABLE_OBJC_WEAK = YES;
				CLANG_WARN_BLOCK_CAPTURE_AUTORELEASING = YES;
				CLANG_WARN_BOOL_CONVERSION = YES;
				CLANG_WARN_COMMA = YES;
				CLANG_WARN_CONSTANT_CONVERSION = YES;
				CLANG_WARN_DEPRECATED_OBJC_IMPLEMENTATIONS = YES;
				CLANG_WARN_DIRECT_OBJC_ISA_USAGE = YES_ERROR;
				CLANG_WARN_DOCUMENTATION_COMMENTS = YES;
				CLANG_WARN_EMPTY_BODY = YES;
				CLANG_WARN_ENUM_CONVERSION = YES;
				CLANG_WARN_INFINITE_RECURSION = YES;
				CLANG_WARN_INT_CONVERSION = YES;
				CLANG_WARN_NON_LITERAL_NULL_CONVERSION = YES;
				CLANG_WARN_OBJC_IMPLICIT_RETAIN_SELF = YES;
				CLANG_WARN_OBJC_LITERAL_CONVERSION = YES;
				CLANG_WARN_OBJC_ROOT_CLASS = YES_ERROR;
				CLANG_WARN_QUOTED_INCLUDE_IN_FRAMEWORK_HEADER = YES;
				CLANG_WARN_RANGE_LOOP_ANALYSIS = YES;
				CLANG_WARN_STRICT_PROTOTYPES = YES;
				CLANG_WARN_SUSPICIOUS_MOVE = YES;
				CLANG_WARN_UNGUARDED_AVAILABILITY = YES_AGGRESSIVE;
				CLANG_WARN_UNREACHABLE_CODE = YES;
				CLANG_WARN__DUPLICATE_METHOD_MATCH = YES;
				COPY_PHASE_STRIP = NO;
				DEBUG_INFORMATION_FORMAT = dwarf;
				ENABLE_STRICT_OBJC_MSGSEND = YES;
				ENABLE_TESTABILITY = YES;
				GCC_C_LANGUAGE_STANDARD = gnu11;
				GCC_DYNAMIC_NO_PIC = NO;
				GCC_NO_COMMON_BLOCKS = YES;
				GCC_OPTIMIZATION_LEVEL = 0;
				GCC_PREPROCESSOR_DEFINITIONS = (
					"DEBUG=1",
					"$(inherited)",
				);
				GCC_WARN_64_TO_32_BIT_CONVERSION = YES;
				GCC_WARN_ABOUT_RETURN_TYPE = YES_ERROR;
				GCC_WARN_UNDECLARED_SELECTOR = YES;
				GCC_WARN_UNINITIALIZED_AUTOS = YES_AGGRESSIVE;
				GCC_WARN_UNUSED_FUNCTION = YES;
				GCC_WARN_UNUSED_VARIABLE = YES;
				IPHONEOS_DEPLOYMENT_TARGET = 16.1;
				MTL_ENABLE_DEBUG_INFO = INCLUDE_SOURCE;
				MTL_FAST_MATH = YES;
				ONLY_ACTIVE_ARCH = YES;
				SDKROOT = iphoneos;
				SWIFT_ACTIVE_COMPILATION_CONDITIONS = DEBUG;
				SWIFT_OPTIMIZATION_LEVEL = "-Onone";
			};
			name = Debug;
		};
		638E943E2939E1F50081CF02 /* Release */ = {
			isa = XCBuildConfiguration;
			buildSettings = {
				ALWAYS_SEARCH_USER_PATHS = NO;
				CLANG_ANALYZER_NONNULL = YES;
				CLANG_ANALYZER_NUMBER_OBJECT_CONVERSION = YES_AGGRESSIVE;
				CLANG_CXX_LANGUAGE_STANDARD = "gnu++20";
				CLANG_ENABLE_MODULES = YES;
				CLANG_ENABLE_OBJC_ARC = YES;
				CLANG_ENABLE_OBJC_WEAK = YES;
				CLANG_WARN_BLOCK_CAPTURE_AUTORELEASING = YES;
				CLANG_WARN_BOOL_CONVERSION = YES;
				CLANG_WARN_COMMA = YES;
				CLANG_WARN_CONSTANT_CONVERSION = YES;
				CLANG_WARN_DEPRECATED_OBJC_IMPLEMENTATIONS = YES;
				CLANG_WARN_DIRECT_OBJC_ISA_USAGE = YES_ERROR;
				CLANG_WARN_DOCUMENTATION_COMMENTS = YES;
				CLANG_WARN_EMPTY_BODY = YES;
				CLANG_WARN_ENUM_CONVERSION = YES;
				CLANG_WARN_INFINITE_RECURSION = YES;
				CLANG_WARN_INT_CONVERSION = YES;
				CLANG_WARN_NON_LITERAL_NULL_CONVERSION = YES;
				CLANG_WARN_OBJC_IMPLICIT_RETAIN_SELF = YES;
				CLANG_WARN_OBJC_LITERAL_CONVERSION = YES;
				CLANG_WARN_OBJC_ROOT_CLASS = YES_ERROR;
				CLANG_WARN_QUOTED_INCLUDE_IN_FRAMEWORK_HEADER = YES;
				CLANG_WARN_RANGE_LOOP_ANALYSIS = YES;
				CLANG_WARN_STRICT_PROTOTYPES = YES;
				CLANG_WARN_SUSPICIOUS_MOVE = YES;
				CLANG_WARN_UNGUARDED_AVAILABILITY = YES_AGGRESSIVE;
				CLANG_WARN_UNREACHABLE_CODE = YES;
				CLANG_WARN__DUPLICATE_METHOD_MATCH = YES;
				COPY_PHASE_STRIP = NO;
				DEBUG_INFORMATION_FORMAT = "dwarf-with-dsym";
				ENABLE_NS_ASSERTIONS = NO;
				ENABLE_STRICT_OBJC_MSGSEND = YES;
				GCC_C_LANGUAGE_STANDARD = gnu11;
				GCC_NO_COMMON_BLOCKS = YES;
				GCC_WARN_64_TO_32_BIT_CONVERSION = YES;
				GCC_WARN_ABOUT_RETURN_TYPE = YES_ERROR;
				GCC_WARN_UNDECLARED_SELECTOR = YES;
				GCC_WARN_UNINITIALIZED_AUTOS = YES_AGGRESSIVE;
				GCC_WARN_UNUSED_FUNCTION = YES;
				GCC_WARN_UNUSED_VARIABLE = YES;
				IPHONEOS_DEPLOYMENT_TARGET = 16.1;
				MTL_ENABLE_DEBUG_INFO = NO;
				MTL_FAST_MATH = YES;
				SDKROOT = iphoneos;
				SWIFT_COMPILATION_MODE = wholemodule;
				SWIFT_OPTIMIZATION_LEVEL = "-O";
				VALIDATE_PRODUCT = YES;
			};
			name = Release;
		};
		638E94402939E1F50081CF02 /* Debug */ = {
			isa = XCBuildConfiguration;
			buildSettings = {
				ASSETCATALOG_COMPILER_APPICON_NAME = AppIcon;
				ASSETCATALOG_COMPILER_GLOBAL_ACCENT_COLOR_NAME = AccentColor;
				CODE_SIGN_STYLE = Automatic;
				CURRENT_PROJECT_VERSION = 1;
				DEVELOPMENT_ASSET_PATHS = "\"ezukoApp/Preview Content\"";
				DEVELOPMENT_TEAM = LDW6K362T7;
				ENABLE_PREVIEWS = YES;
				GENERATE_INFOPLIST_FILE = YES;
				INFOPLIST_KEY_UIApplicationSceneManifest_Generation = YES;
				INFOPLIST_KEY_UIApplicationSupportsIndirectInputEvents = YES;
				INFOPLIST_KEY_UILaunchScreen_Generation = YES;
				INFOPLIST_KEY_UISupportedInterfaceOrientations_iPad = "UIInterfaceOrientationPortrait UIInterfaceOrientationPortraitUpsideDown UIInterfaceOrientationLandscapeLeft UIInterfaceOrientationLandscapeRight";
				INFOPLIST_KEY_UISupportedInterfaceOrientations_iPhone = "UIInterfaceOrientationPortrait UIInterfaceOrientationLandscapeLeft UIInterfaceOrientationLandscapeRight";
				IPHONEOS_DEPLOYMENT_TARGET = "";
				LD_RUNPATH_SEARCH_PATHS = (
					"$(inherited)",
					"@executable_path/Frameworks",
				);
				MARKETING_VERSION = 1.0;
				PRODUCT_BUNDLE_IDENTIFIER = com.TaikiHamamoto.ezukoApp;
				PRODUCT_NAME = "$(TARGET_NAME)";
				SWIFT_EMIT_LOC_STRINGS = YES;
				SWIFT_VERSION = 5.0;
				TARGETED_DEVICE_FAMILY = "1,2";
			};
			name = Debug;
		};
		638E94412939E1F50081CF02 /* Release */ = {
			isa = XCBuildConfiguration;
			buildSettings = {
				ASSETCATALOG_COMPILER_APPICON_NAME = AppIcon;
				ASSETCATALOG_COMPILER_GLOBAL_ACCENT_COLOR_NAME = AccentColor;
				CODE_SIGN_STYLE = Automatic;
				CURRENT_PROJECT_VERSION = 1;
				DEVELOPMENT_ASSET_PATHS = "\"ezukoApp/Preview Content\"";
				DEVELOPMENT_TEAM = LDW6K362T7;
				ENABLE_PREVIEWS = YES;
				GENERATE_INFOPLIST_FILE = YES;
				INFOPLIST_KEY_UIApplicationSceneManifest_Generation = YES;
				INFOPLIST_KEY_UIApplicationSupportsIndirectInputEvents = YES;
				INFOPLIST_KEY_UILaunchScreen_Generation = YES;
				INFOPLIST_KEY_UISupportedInterfaceOrientations_iPad = "UIInterfaceOrientationPortrait UIInterfaceOrientationPortraitUpsideDown UIInterfaceOrientationLandscapeLeft UIInterfaceOrientationLandscapeRight";
				INFOPLIST_KEY_UISupportedInterfaceOrientations_iPhone = "UIInterfaceOrientationPortrait UIInterfaceOrientationLandscapeLeft UIInterfaceOrientationLandscapeRight";
				IPHONEOS_DEPLOYMENT_TARGET = "";
				LD_RUNPATH_SEARCH_PATHS = (
					"$(inherited)",
					"@executable_path/Frameworks",
				);
				MARKETING_VERSION = 1.0;
				PRODUCT_BUNDLE_IDENTIFIER = com.TaikiHamamoto.ezukoApp;
				PRODUCT_NAME = "$(TARGET_NAME)";
				SWIFT_EMIT_LOC_STRINGS = YES;
				SWIFT_VERSION = 5.0;
				TARGETED_DEVICE_FAMILY = "1,2";
			};
			name = Release;
		};
/* End XCBuildConfiguration section */

/* Begin XCConfigurationList section */
		638E942C2939E1F30081CF02 /* Build configuration list for PBXProject "ezukoApp" */ = {
			isa = XCConfigurationList;
			buildConfigurations = (
				638E943D2939E1F50081CF02 /* Debug */,
				638E943E2939E1F50081CF02 /* Release */,
			);
			defaultConfigurationIsVisible = 0;
			defaultConfigurationName = Release;
		};
		638E943F2939E1F50081CF02 /* Build configuration list for PBXNativeTarget "ezukoApp" */ = {
			isa = XCConfigurationList;
			buildConfigurations = (
				638E94402939E1F50081CF02 /* Debug */,
				638E94412939E1F50081CF02 /* Release */,
			);
			defaultConfigurationIsVisible = 0;
			defaultConfigurationName = Release;
		};
/* End XCConfigurationList section */
	};
	rootObject = 638E94292939E1F30081CF02 /* Project object */;
}
